// !$*UTF8*$!
{
	archiveVersion = 1;
	classes = {
	};
	objectVersion = 50;
	objects = {

/* Begin PBXBuildFile section */
		12BE02A526AB0D6200A97613 /* AppDelegate.swift in Sources */ = {isa = PBXBuildFile; fileRef = 12BE02A426AB0D6200A97613 /* AppDelegate.swift */; };
		12BE02A726AB0D6200A97613 /* SceneDelegate.swift in Sources */ = {isa = PBXBuildFile; fileRef = 12BE02A626AB0D6200A97613 /* SceneDelegate.swift */; };
		12BE02A926AB0D6200A97613 /* ViewController.swift in Sources */ = {isa = PBXBuildFile; fileRef = 12BE02A826AB0D6200A97613 /* ViewController.swift */; };
		12BE02AC26AB0D6200A97613 /* Main.storyboard in Resources */ = {isa = PBXBuildFile; fileRef = 12BE02AA26AB0D6200A97613 /* Main.storyboard */; };
		12BE02AE26AB0D6500A97613 /* Assets.xcassets in Resources */ = {isa = PBXBuildFile; fileRef = 12BE02AD26AB0D6500A97613 /* Assets.xcassets */; };
		12BE02B126AB0D6500A97613 /* LaunchScreen.storyboard in Resources */ = {isa = PBXBuildFile; fileRef = 12BE02AF26AB0D6500A97613 /* LaunchScreen.storyboard */; };
		12BE02B926AB113E00A97613 /* Character.swift in Sources */ = {isa = PBXBuildFile; fileRef = 12BE02B826AB113E00A97613 /* Character.swift */; };
		12BE02BC26AB146100A97613 /* Image.swift in Sources */ = {isa = PBXBuildFile; fileRef = 12BE02BB26AB146100A97613 /* Image.swift */; };
		12BE02BE26AB1A8500A97613 /* Comics.swift in Sources */ = {isa = PBXBuildFile; fileRef = 12BE02BD26AB1A8500A97613 /* Comics.swift */; };
		12BE02C126AC7B6700A97613 /* Contants.swift in Sources */ = {isa = PBXBuildFile; fileRef = 12BE02C026AC7B6700A97613 /* Contants.swift */; };
		12BE02C426AC7C5000A97613 /* Hash.swift in Sources */ = {isa = PBXBuildFile; fileRef = 12BE02C326AC7C5000A97613 /* Hash.swift */; };
		12BE02C626AC882E00A97613 /* DataHandler.swift in Sources */ = {isa = PBXBuildFile; fileRef = 12BE02C526AC882E00A97613 /* DataHandler.swift */; };
		12BE02C826AC887100A97613 /* Util.swift in Sources */ = {isa = PBXBuildFile; fileRef = 12BE02C726AC887100A97613 /* Util.swift */; };
		12BE02CC26AC8D8A00A97613 /* CharacterBaseDate.swift in Sources */ = {isa = PBXBuildFile; fileRef = 12BE02CB26AC8D8A00A97613 /* CharacterBaseDate.swift */; };
		12BE02D326ADD43E00A97613 /* CharacterTableViewCell.swift in Sources */ = {isa = PBXBuildFile; fileRef = 12BE02D226ADD43E00A97613 /* CharacterTableViewCell.swift */; };
/* End PBXBuildFile section */

/* Begin PBXFileReference section */
		12BE02A126AB0D6200A97613 /* MarvelApp.app */ = {isa = PBXFileReference; explicitFileType = wrapper.application; includeInIndex = 0; path = MarvelApp.app; sourceTree = BUILT_PRODUCTS_DIR; };
		12BE02A426AB0D6200A97613 /* AppDelegate.swift */ = {isa = PBXFileReference; lastKnownFileType = sourcecode.swift; path = AppDelegate.swift; sourceTree = "<group>"; };
		12BE02A626AB0D6200A97613 /* SceneDelegate.swift */ = {isa = PBXFileReference; lastKnownFileType = sourcecode.swift; path = SceneDelegate.swift; sourceTree = "<group>"; };
		12BE02A826AB0D6200A97613 /* ViewController.swift */ = {isa = PBXFileReference; lastKnownFileType = sourcecode.swift; path = ViewController.swift; sourceTree = "<group>"; };
		12BE02AB26AB0D6200A97613 /* Base */ = {isa = PBXFileReference; lastKnownFileType = file.storyboard; name = Base; path = Base.lproj/Main.storyboard; sourceTree = "<group>"; };
		12BE02AD26AB0D6500A97613 /* Assets.xcassets */ = {isa = PBXFileReference; lastKnownFileType = folder.assetcatalog; path = Assets.xcassets; sourceTree = "<group>"; };
		12BE02B026AB0D6500A97613 /* Base */ = {isa = PBXFileReference; lastKnownFileType = file.storyboard; name = Base; path = Base.lproj/LaunchScreen.storyboard; sourceTree = "<group>"; };
		12BE02B226AB0D6500A97613 /* Info.plist */ = {isa = PBXFileReference; lastKnownFileType = text.plist.xml; path = Info.plist; sourceTree = "<group>"; };
		12BE02B826AB113E00A97613 /* Character.swift */ = {isa = PBXFileReference; lastKnownFileType = sourcecode.swift; path = Character.swift; sourceTree = "<group>"; };
		12BE02BB26AB146100A97613 /* Image.swift */ = {isa = PBXFileReference; lastKnownFileType = sourcecode.swift; path = Image.swift; sourceTree = "<group>"; };
		12BE02BD26AB1A8500A97613 /* Comics.swift */ = {isa = PBXFileReference; lastKnownFileType = sourcecode.swift; path = Comics.swift; sourceTree = "<group>"; };
		12BE02C026AC7B6700A97613 /* Contants.swift */ = {isa = PBXFileReference; lastKnownFileType = sourcecode.swift; path = Contants.swift; sourceTree = "<group>"; };
		12BE02C326AC7C5000A97613 /* Hash.swift */ = {isa = PBXFileReference; lastKnownFileType = sourcecode.swift; path = Hash.swift; sourceTree = "<group>"; };
		12BE02C526AC882E00A97613 /* DataHandler.swift */ = {isa = PBXFileReference; lastKnownFileType = sourcecode.swift; path = DataHandler.swift; sourceTree = "<group>"; };
		12BE02C726AC887100A97613 /* Util.swift */ = {isa = PBXFileReference; lastKnownFileType = sourcecode.swift; path = Util.swift; sourceTree = "<group>"; };
		12BE02CB26AC8D8A00A97613 /* CharacterBaseDate.swift */ = {isa = PBXFileReference; lastKnownFileType = sourcecode.swift; path = CharacterBaseDate.swift; sourceTree = "<group>"; };
		12BE02D226ADD43E00A97613 /* CharacterTableViewCell.swift */ = {isa = PBXFileReference; lastKnownFileType = sourcecode.swift; path = CharacterTableViewCell.swift; sourceTree = "<group>"; };
/* End PBXFileReference section */

/* Begin PBXFrameworksBuildPhase section */
		12BE029E26AB0D6200A97613 /* Frameworks */ = {
			isa = PBXFrameworksBuildPhase;
			buildActionMask = 2147483647;
			files = (
			);
			runOnlyForDeploymentPostprocessing = 0;
		};
/* End PBXFrameworksBuildPhase section */

/* Begin PBXGroup section */
		12BE029826AB0D6200A97613 = {
			isa = PBXGroup;
			children = (
				12BE02A326AB0D6200A97613 /* MarvelApp */,
				12BE02A226AB0D6200A97613 /* Products */,
			);
			sourceTree = "<group>";
		};
		12BE02A226AB0D6200A97613 /* Products */ = {
			isa = PBXGroup;
			children = (
				12BE02A126AB0D6200A97613 /* MarvelApp.app */,
			);
			name = Products;
			sourceTree = "<group>";
		};
		12BE02A326AB0D6200A97613 /* MarvelApp */ = {
			isa = PBXGroup;
			children = (
				12BE02D126ADCBE400A97613 /* CustomViews */,
				12BE02C226AC7C2800A97613 /* Core */,
				12BE02BF26AC7B4700A97613 /* Common */,
				12BE02BA26AB13CA00A97613 /* Models */,
				12BE02A426AB0D6200A97613 /* AppDelegate.swift */,
				12BE02A626AB0D6200A97613 /* SceneDelegate.swift */,
				12BE02A826AB0D6200A97613 /* ViewController.swift */,
				12BE02AA26AB0D6200A97613 /* Main.storyboard */,
				12BE02AD26AB0D6500A97613 /* Assets.xcassets */,
				12BE02AF26AB0D6500A97613 /* LaunchScreen.storyboard */,
				12BE02B226AB0D6500A97613 /* Info.plist */,
			);
			path = MarvelApp;
			sourceTree = "<group>";
		};
		12BE02BA26AB13CA00A97613 /* Models */ = {
			isa = PBXGroup;
			children = (
				12BE02B826AB113E00A97613 /* Character.swift */,
				12BE02BB26AB146100A97613 /* Image.swift */,
				12BE02BD26AB1A8500A97613 /* Comics.swift */,
				12BE02CB26AC8D8A00A97613 /* CharacterBaseDate.swift */,
			);
			path = Models;
			sourceTree = "<group>";
		};
		12BE02BF26AC7B4700A97613 /* Common */ = {
			isa = PBXGroup;
			children = (
				12BE02C026AC7B6700A97613 /* Contants.swift */,
				12BE02C726AC887100A97613 /* Util.swift */,
			);
			path = Common;
			sourceTree = "<group>";
		};
		12BE02C226AC7C2800A97613 /* Core */ = {
			isa = PBXGroup;
			children = (
				12BE02C326AC7C5000A97613 /* Hash.swift */,
				12BE02C526AC882E00A97613 /* DataHandler.swift */,
			);
			path = Core;
			sourceTree = "<group>";
		};
		12BE02D126ADCBE400A97613 /* CustomViews */ = {
			isa = PBXGroup;
			children = (
				12BE02D226ADD43E00A97613 /* CharacterTableViewCell.swift */,
			);
			path = CustomViews;
			sourceTree = "<group>";
		};
/* End PBXGroup section */

/* Begin PBXNativeTarget section */
		12BE02A026AB0D6200A97613 /* MarvelApp */ = {
			isa = PBXNativeTarget;
			buildConfigurationList = 12BE02B526AB0D6500A97613 /* Build configuration list for PBXNativeTarget "MarvelApp" */;
			buildPhases = (
				12BE029D26AB0D6200A97613 /* Sources */,
				12BE029E26AB0D6200A97613 /* Frameworks */,
				12BE029F26AB0D6200A97613 /* Resources */,
			);
			buildRules = (
			);
			dependencies = (
			);
			name = MarvelApp;
			productName = MarvelApp;
			productReference = 12BE02A126AB0D6200A97613 /* MarvelApp.app */;
			productType = "com.apple.product-type.application";
		};
/* End PBXNativeTarget section */

/* Begin PBXProject section */
		12BE029926AB0D6200A97613 /* Project object */ = {
			isa = PBXProject;
			attributes = {
				LastSwiftUpdateCheck = 1250;
				LastUpgradeCheck = 1250;
				TargetAttributes = {
					12BE02A026AB0D6200A97613 = {
						CreatedOnToolsVersion = 12.5.1;
					};
				};
			};
			buildConfigurationList = 12BE029C26AB0D6200A97613 /* Build configuration list for PBXProject "MarvelApp" */;
			compatibilityVersion = "Xcode 9.3";
			developmentRegion = en;
			hasScannedForEncodings = 0;
			knownRegions = (
				en,
				Base,
			);
			mainGroup = 12BE029826AB0D6200A97613;
			productRefGroup = 12BE02A226AB0D6200A97613 /* Products */;
			projectDirPath = "";
			projectRoot = "";
			targets = (
				12BE02A026AB0D6200A97613 /* MarvelApp */,
			);
		};
/* End PBXProject section */

/* Begin PBXResourcesBuildPhase section */
		12BE029F26AB0D6200A97613 /* Resources */ = {
			isa = PBXResourcesBuildPhase;
			buildActionMask = 2147483647;
			files = (
				12BE02B126AB0D6500A97613 /* LaunchScreen.storyboard in Resources */,
				12BE02AE26AB0D6500A97613 /* Assets.xcassets in Resources */,
				12BE02AC26AB0D6200A97613 /* Main.storyboard in Resources */,
			);
			runOnlyForDeploymentPostprocessing = 0;
		};
/* End PBXResourcesBuildPhase section */

/* Begin PBXSourcesBuildPhase section */
		12BE029D26AB0D6200A97613 /* Sources */ = {
			isa = PBXSourcesBuildPhase;
			buildActionMask = 2147483647;
			files = (
				12BE02A926AB0D6200A97613 /* ViewController.swift in Sources */,
				12BE02C426AC7C5000A97613 /* Hash.swift in Sources */,
				12BE02CC26AC8D8A00A97613 /* CharacterBaseDate.swift in Sources */,
				12BE02B926AB113E00A97613 /* Character.swift in Sources */,
				12BE02A526AB0D6200A97613 /* AppDelegate.swift in Sources */,
				12BE02C626AC882E00A97613 /* DataHandler.swift in Sources */,
				12BE02C126AC7B6700A97613 /* Contants.swift in Sources */,
				12BE02BE26AB1A8500A97613 /* Comics.swift in Sources */,
				12BE02C826AC887100A97613 /* Util.swift in Sources */,
				12BE02A726AB0D6200A97613 /* SceneDelegate.swift in Sources */,
				12BE02BC26AB146100A97613 /* Image.swift in Sources */,
				12BE02D326ADD43E00A97613 /* CharacterTableViewCell.swift in Sources */,
			);
			runOnlyForDeploymentPostprocessing = 0;
		};
/* End PBXSourcesBuildPhase section */

/* Begin PBXVariantGroup section */
		12BE02AA26AB0D6200A97613 /* Main.storyboard */ = {
			isa = PBXVariantGroup;
			children = (
				12BE02AB26AB0D6200A97613 /* Base */,
			);
			name = Main.storyboard;
			sourceTree = "<group>";
		};
		12BE02AF26AB0D6500A97613 /* LaunchScreen.storyboard */ = {
			isa = PBXVariantGroup;
			children = (
				12BE02B026AB0D6500A97613 /* Base */,
			);
			name = LaunchScreen.storyboard;
			sourceTree = "<group>";
		};
/* End PBXVariantGroup section */

/* Begin XCBuildConfiguration section */
		12BE02B326AB0D6500A97613 /* Debug */ = {
			isa = XCBuildConfiguration;
			buildSettings = {
				ALWAYS_SEARCH_USER_PATHS = NO;
				CLANG_ANALYZER_NONNULL = YES;
				CLANG_ANALYZER_NUMBER_OBJECT_CONVERSION = YES_AGGRESSIVE;
				CLANG_CXX_LANGUAGE_STANDARD = "gnu++14";
				CLANG_CXX_LIBRARY = "libc++";
				CLANG_ENABLE_MODULES = YES;
				CLANG_ENABLE_OBJC_ARC = YES;
				CLANG_ENABLE_OBJC_WEAK = YES;
				CLANG_WARN_BLOCK_CAPTURE_AUTORELEASING = YES;
				CLANG_WARN_BOOL_CONVERSION = YES;
				CLANG_WARN_COMMA = YES;
				CLANG_WARN_CONSTANT_CONVERSION = YES;
				CLANG_WARN_DEPRECATED_OBJC_IMPLEMENTATIONS = YES;
				CLANG_WARN_DIRECT_OBJC_ISA_USAGE = YES_ERROR;
				CLANG_WARN_DOCUMENTATION_COMMENTS = YES;
				CLANG_WARN_EMPTY_BODY = YES;
				CLANG_WARN_ENUM_CONVERSION = YES;
				CLANG_WARN_INFINITE_RECURSION = YES;
				CLANG_WARN_INT_CONVERSION = YES;
				CLANG_WARN_NON_LITERAL_NULL_CONVERSION = YES;
				CLANG_WARN_OBJC_IMPLICIT_RETAIN_SELF = YES;
				CLANG_WARN_OBJC_LITERAL_CONVERSION = YES;
				CLANG_WARN_OBJC_ROOT_CLASS = YES_ERROR;
				CLANG_WARN_QUOTED_INCLUDE_IN_FRAMEWORK_HEADER = YES;
				CLANG_WARN_RANGE_LOOP_ANALYSIS = YES;
				CLANG_WARN_STRICT_PROTOTYPES = YES;
				CLANG_WARN_SUSPICIOUS_MOVE = YES;
				CLANG_WARN_UNGUARDED_AVAILABILITY = YES_AGGRESSIVE;
				CLANG_WARN_UNREACHABLE_CODE = YES;
				CLANG_WARN__DUPLICATE_METHOD_MATCH = YES;
				COPY_PHASE_STRIP = NO;
				DEBUG_INFORMATION_FORMAT = dwarf;
				ENABLE_STRICT_OBJC_MSGSEND = YES;
				ENABLE_TESTABILITY = YES;
				GCC_C_LANGUAGE_STANDARD = gnu11;
				GCC_DYNAMIC_NO_PIC = NO;
				GCC_NO_COMMON_BLOCKS = YES;
				GCC_OPTIMIZATION_LEVEL = 0;
				GCC_PREPROCESSOR_DEFINITIONS = (
					"DEBUG=1",
					"$(inherited)",
				);
				GCC_WARN_64_TO_32_BIT_CONVERSION = YES;
				GCC_WARN_ABOUT_RETURN_TYPE = YES_ERROR;
				GCC_WARN_UNDECLARED_SELECTOR = YES;
				GCC_WARN_UNINITIALIZED_AUTOS = YES_AGGRESSIVE;
				GCC_WARN_UNUSED_FUNCTION = YES;
				GCC_WARN_UNUSED_VARIABLE = YES;
				IPHONEOS_DEPLOYMENT_TARGET = 14.5;
				MTL_ENABLE_DEBUG_INFO = INCLUDE_SOURCE;
				MTL_FAST_MATH = YES;
				ONLY_ACTIVE_ARCH = YES;
				SDKROOT = iphoneos;
				SWIFT_ACTIVE_COMPILATION_CONDITIONS = DEBUG;
				SWIFT_OPTIMIZATION_LEVEL = "-Onone";
			};
			name = Debug;
		};
		12BE02B426AB0D6500A97613 /* Release */ = {
			isa = XCBuildConfiguration;
			buildSettings = {
				ALWAYS_SEARCH_USER_PATHS = NO;
				CLANG_ANALYZER_NONNULL = YES;
				CLANG_ANALYZER_NUMBER_OBJECT_CONVERSION = YES_AGGRESSIVE;
				CLANG_CXX_LANGUAGE_STANDARD = "gnu++14";
				CLANG_CXX_LIBRARY = "libc++";
				CLANG_ENABLE_MODULES = YES;
				CLANG_ENABLE_OBJC_ARC = YES;
				CLANG_ENABLE_OBJC_WEAK = YES;
				CLANG_WARN_BLOCK_CAPTURE_AUTORELEASING = YES;
				CLANG_WARN_BOOL_CONVERSION = YES;
				CLANG_WARN_COMMA = YES;
				CLANG_WARN_CONSTANT_CONVERSION = YES;
				CLANG_WARN_DEPRECATED_OBJC_IMPLEMENTATIONS = YES;
				CLANG_WARN_DIRECT_OBJC_ISA_USAGE = YES_ERROR;
				CLANG_WARN_DOCUMENTATION_COMMENTS = YES;
				CLANG_WARN_EMPTY_BODY = YES;
				CLANG_WARN_ENUM_CONVERSION = YES;
				CLANG_WARN_INFINITE_RECURSION = YES;
				CLANG_WARN_INT_CONVERSION = YES;
				CLANG_WARN_NON_LITERAL_NULL_CONVERSION = YES;
				CLANG_WARN_OBJC_IMPLICIT_RETAIN_SELF = YES;
				CLANG_WARN_OBJC_LITERAL_CONVERSION = YES;
				CLANG_WARN_OBJC_ROOT_CLASS = YES_ERROR;
				CLANG_WARN_QUOTED_INCLUDE_IN_FRAMEWORK_HEADER = YES;
				CLANG_WARN_RANGE_LOOP_ANALYSIS = YES;
				CLANG_WARN_STRICT_PROTOTYPES = YES;
				CLANG_WARN_SUSPICIOUS_MOVE = YES;
				CLANG_WARN_UNGUARDED_AVAILABILITY = YES_AGGRESSIVE;
				CLANG_WARN_UNREACHABLE_CODE = YES;
				CLANG_WARN__DUPLICATE_METHOD_MATCH = YES;
				COPY_PHASE_STRIP = NO;
				DEBUG_INFORMATION_FORMAT = "dwarf-with-dsym";
				ENABLE_NS_ASSERTIONS = NO;
				ENABLE_STRICT_OBJC_MSGSEND = YES;
				GCC_C_LANGUAGE_STANDARD = gnu11;
				GCC_NO_COMMON_BLOCKS = YES;
				GCC_WARN_64_TO_32_BIT_CONVERSION = YES;
				GCC_WARN_ABOUT_RETURN_TYPE = YES_ERROR;
				GCC_WARN_UNDECLARED_SELECTOR = YES;
				GCC_WARN_UNINITIALIZED_AUTOS = YES_AGGRESSIVE;
				GCC_WARN_UNUSED_FUNCTION = YES;
				GCC_WARN_UNUSED_VARIABLE = YES;
				IPHONEOS_DEPLOYMENT_TARGET = 14.5;
				MTL_ENABLE_DEBUG_INFO = NO;
				MTL_FAST_MATH = YES;
				SDKROOT = iphoneos;
				SWIFT_COMPILATION_MODE = wholemodule;
				SWIFT_OPTIMIZATION_LEVEL = "-O";
				VALIDATE_PRODUCT = YES;
			};
			name = Release;
		};
		12BE02B626AB0D6500A97613 /* Debug */ = {
			isa = XCBuildConfiguration;
			buildSettings = {
				ASSETCATALOG_COMPILER_APPICON_NAME = AppIcon;
				ASSETCATALOG_COMPILER_GLOBAL_ACCENT_COLOR_NAME = AccentColor;
				CODE_SIGN_STYLE = Automatic;
				DEVELOPMENT_TEAM = ZVJFCLNY6Y;
				INFOPLIST_FILE = MarvelApp/Info.plist;
				LD_RUNPATH_SEARCH_PATHS = (
					"$(inherited)",
					"@executable_path/Frameworks",
				);
				PRODUCT_BUNDLE_IDENTIFIER = com.bram3r.MarvelApp;
				PRODUCT_NAME = "$(TARGET_NAME)";
				SWIFT_VERSION = 5.0;
				TARGETED_DEVICE_FAMILY = "1,2";
			};
			name = Debug;
		};
		12BE02B726AB0D6500A97613 /* Release */ = {
			isa = XCBuildConfiguration;
			buildSettings = {
				ASSETCATALOG_COMPILER_APPICON_NAME = AppIcon;
				ASSETCATALOG_COMPILER_GLOBAL_ACCENT_COLOR_NAME = AccentColor;
				CODE_SIGN_STYLE = Automatic;
				DEVELOPMENT_TEAM = ZVJFCLNY6Y;
				INFOPLIST_FILE = MarvelApp/Info.plist;
				LD_RUNPATH_SEARCH_PATHS = (
					"$(inherited)",
					"@executable_path/Frameworks",
				);
				PRODUCT_BUNDLE_IDENTIFIER = com.bram3r.MarvelApp;
				PRODUCT_NAME = "$(TARGET_NAME)";
				SWIFT_VERSION = 5.0;
				TARGETED_DEVICE_FAMILY = "1,2";
			};
			name = Release;
		};
/* End XCBuildConfiguration section */

/* Begin XCConfigurationList section */
		12BE029C26AB0D6200A97613 /* Build configuration list for PBXProject "MarvelApp" */ = {
			isa = XCConfigurationList;
			buildConfigurations = (
				12BE02B326AB0D6500A97613 /* Debug */,
				12BE02B426AB0D6500A97613 /* Release */,
			);
			defaultConfigurationIsVisible = 0;
			defaultConfigurationName = Release;
		};
		12BE02B526AB0D6500A97613 /* Build configuration list for PBXNativeTarget "MarvelApp" */ = {
			isa = XCConfigurationList;
			buildConfigurations = (
				12BE02B626AB0D6500A97613 /* Debug */,
				12BE02B726AB0D6500A97613 /* Release */,
			);
			defaultConfigurationIsVisible = 0;
			defaultConfigurationName = Release;
		};
/* End XCConfigurationList section */
	};
	rootObject = 12BE029926AB0D6200A97613 /* Project object */;
}
